
Microsoft Visual Studio Solution File, Format Version 12.00
# Visual Studio 15
VisualStudioVersion = 15.0.28307.2092
MinimumVisualStudioVersion = 10.0.40219.1
Project("{FAE04EC0-301F-11D3-BF4B-00C04F79EFBC}") = "AnaLex", "AnaLex\AnaLex.csproj", "{B642E414-EB59-4727-ADA4-4BD8D8E15FD3}"
EndProject
Global
	GlobalSection(SolutionConfigurationPlatforms) = preSolution
		Debug|Any CPU = Debug|Any CPU
		Release|Any CPU = Release|Any CPU
	EndGlobalSection
	GlobalSection(ProjectConfigurationPlatforms) = postSolution
		{B642E414-EB59-4727-ADA4-4BD8D8E15FD3}.Debug|Any CPU.ActiveCfg = Debug|Any CPU
		{B642E414-EB59-4727-ADA4-4BD8D8E15FD3}.Debug|Any CPU.Build.0 = Debug|Any CPU
		{B642E414-EB59-4727-ADA4-4BD8D8E15FD3}.Release|Any CPU.ActiveCfg = Release|Any CPU
		{B642E414-EB59-4727-ADA4-4BD8D8E15FD3}.Release|Any CPU.Build.0 = Release|Any CPU
	EndGlobalSection
	GlobalSection(SolutionProperties) = preSolution
		HideSolutionNode = FALSE
	EndGlobalSection
	GlobalSection(ExtensibilityGlobals) = postSolution
		SolutionGuid = {A6C83C4D-4B4B-491F-8429-3C97A3CCEC69}
	EndGlobalSection
EndGlobal
